
Microsoft Visual Studio Solution File, Format Version 12.00
# Visual Studio Version 17
VisualStudioVersion = 17.6.33712.159
MinimumVisualStudioVersion = 10.0.40219.1
Project("{FAE04EC0-301F-11D3-BF4B-00C04F79EFBC}") = "HockeyData", "HockeyData\HockeyData.csproj", "{E55C78B9-01AB-46F1-9373-FBB75C9CCACE}"
EndProject
Global
	GlobalSection(SolutionConfigurationPlatforms) = preSolution
		Debug|Any CPU = Debug|Any CPU
		Release|Any CPU = Release|Any CPU
	EndGlobalSection
	GlobalSection(ProjectConfigurationPlatforms) = postSolution
		{E55C78B9-01AB-46F1-9373-FBB75C9CCACE}.Debug|Any CPU.ActiveCfg = Debug|Any CPU
		{E55C78B9-01AB-46F1-9373-FBB75C9CCACE}.Debug|Any CPU.Build.0 = Debug|Any CPU
		{E55C78B9-01AB-46F1-9373-FBB75C9CCACE}.Release|Any CPU.ActiveCfg = Release|Any CPU
		{E55C78B9-01AB-46F1-9373-FBB75C9CCACE}.Release|Any CPU.Build.0 = Release|Any CPU
	EndGlobalSection
	GlobalSection(SolutionProperties) = preSolution
		HideSolutionNode = FALSE
	EndGlobalSection
	GlobalSection(ExtensibilityGlobals) = postSolution
		SolutionGuid = {FD0AD535-96D8-4EE3-889C-42ED88B38A3F}
	EndGlobalSection
EndGlobal
